
Microsoft Visual Studio Solution File, Format Version 12.00
# Visual Studio Version 17
VisualStudioVersion = 17.10.35013.160
MinimumVisualStudioVersion = 10.0.40219.1
Project("{FAE04EC0-301F-11D3-BF4B-00C04F79EFBC}") = "BlishHUDMetaTimer", "BlishHUDMetaTimer.csproj", "{135439DA-A576-4502-B584-2A9C8C550974}"
EndProject
Global
	GlobalSection(SolutionConfigurationPlatforms) = preSolution
		Debug|x64 = Debug|x64
		Release|x64 = Release|x64
	EndGlobalSection
	GlobalSection(ProjectConfigurationPlatforms) = postSolution
		{135439DA-A576-4502-B584-2A9C8C550974}.Debug|x64.ActiveCfg = Debug|x64
		{135439DA-A576-4502-B584-2A9C8C550974}.Debug|x64.Build.0 = Debug|x64
		{135439DA-A576-4502-B584-2A9C8C550974}.Release|x64.ActiveCfg = Release|x64
		{135439DA-A576-4502-B584-2A9C8C550974}.Release|x64.Build.0 = Release|x64
	EndGlobalSection
	GlobalSection(SolutionProperties) = preSolution
		HideSolutionNode = FALSE
	EndGlobalSection
	GlobalSection(ExtensibilityGlobals) = postSolution
		SolutionGuid = {05470685-AE4C-4D53-8D5E-1166FF0F8CB5}
	EndGlobalSection
EndGlobal
